
Microsoft Visual Studio Solution File, Format Version 12.00
# Visual Studio 2013
VisualStudioVersion = 12.0.21005.1
MinimumVisualStudioVersion = 10.0.40219.1
Project("{FAE04EC0-301F-11D3-BF4B-00C04F79EFBC}") = "PiffTeam_Math", "PiffTeam\PiffTeam_Math.csproj", "{BC39C31F-ACEF-4B15-B31F-98112E8A025C}"
EndProject
Project("{FAE04EC0-301F-11D3-BF4B-00C04F79EFBC}") = "PIFTeam_Input", "C:\Users\Márk\Downloads\PIF-input (1)\PIF input\PIF input\PIFTeam_Input.csproj", "{5A901F0D-371A-46BD-9B9D-56199BBCF224}"
EndProject
Project("{FAE04EC0-301F-11D3-BF4B-00C04F79EFBC}") = "PiffTeam_Output", "C:\Users\Márk\Downloads\output\output\EulerMethod\PiffTeam_Output.csproj", "{ED40B068-76B5-4052-A470-B1588D7246A8}"
EndProject
Global
	GlobalSection(SolutionConfigurationPlatforms) = preSolution
		Debug|Any CPU = Debug|Any CPU
		Debug|Mixed Platforms = Debug|Mixed Platforms
		Debug|x86 = Debug|x86
		Release|Any CPU = Release|Any CPU
		Release|Mixed Platforms = Release|Mixed Platforms
		Release|x86 = Release|x86
	EndGlobalSection
	GlobalSection(ProjectConfigurationPlatforms) = postSolution
		{BC39C31F-ACEF-4B15-B31F-98112E8A025C}.Debug|Any CPU.ActiveCfg = Debug|Any CPU
		{BC39C31F-ACEF-4B15-B31F-98112E8A025C}.Debug|Any CPU.Build.0 = Debug|Any CPU
		{BC39C31F-ACEF-4B15-B31F-98112E8A025C}.Debug|Mixed Platforms.ActiveCfg = Debug|Any CPU
		{BC39C31F-ACEF-4B15-B31F-98112E8A025C}.Debug|Mixed Platforms.Build.0 = Debug|Any CPU
		{BC39C31F-ACEF-4B15-B31F-98112E8A025C}.Debug|x86.ActiveCfg = Debug|Any CPU
		{BC39C31F-ACEF-4B15-B31F-98112E8A025C}.Release|Any CPU.ActiveCfg = Release|Any CPU
		{BC39C31F-ACEF-4B15-B31F-98112E8A025C}.Release|Any CPU.Build.0 = Release|Any CPU
		{BC39C31F-ACEF-4B15-B31F-98112E8A025C}.Release|Mixed Platforms.ActiveCfg = Release|Any CPU
		{BC39C31F-ACEF-4B15-B31F-98112E8A025C}.Release|Mixed Platforms.Build.0 = Release|Any CPU
		{BC39C31F-ACEF-4B15-B31F-98112E8A025C}.Release|x86.ActiveCfg = Release|Any CPU
		{5A901F0D-371A-46BD-9B9D-56199BBCF224}.Debug|Any CPU.ActiveCfg = Debug|x86
		{5A901F0D-371A-46BD-9B9D-56199BBCF224}.Debug|Mixed Platforms.ActiveCfg = Debug|x86
		{5A901F0D-371A-46BD-9B9D-56199BBCF224}.Debug|Mixed Platforms.Build.0 = Debug|x86
		{5A901F0D-371A-46BD-9B9D-56199BBCF224}.Debug|x86.ActiveCfg = Debug|x86
		{5A901F0D-371A-46BD-9B9D-56199BBCF224}.Debug|x86.Build.0 = Debug|x86
		{5A901F0D-371A-46BD-9B9D-56199BBCF224}.Release|Any CPU.ActiveCfg = Release|x86
		{5A901F0D-371A-46BD-9B9D-56199BBCF224}.Release|Mixed Platforms.ActiveCfg = Release|x86
		{5A901F0D-371A-46BD-9B9D-56199BBCF224}.Release|Mixed Platforms.Build.0 = Release|x86
		{5A901F0D-371A-46BD-9B9D-56199BBCF224}.Release|x86.ActiveCfg = Release|x86
		{5A901F0D-371A-46BD-9B9D-56199BBCF224}.Release|x86.Build.0 = Release|x86
		{ED40B068-76B5-4052-A470-B1588D7246A8}.Debug|Any CPU.ActiveCfg = Debug|Any CPU
		{ED40B068-76B5-4052-A470-B1588D7246A8}.Debug|Any CPU.Build.0 = Debug|Any CPU
		{ED40B068-76B5-4052-A470-B1588D7246A8}.Debug|Mixed Platforms.ActiveCfg = Debug|Any CPU
		{ED40B068-76B5-4052-A470-B1588D7246A8}.Debug|Mixed Platforms.Build.0 = Debug|Any CPU
		{ED40B068-76B5-4052-A470-B1588D7246A8}.Debug|x86.ActiveCfg = Debug|Any CPU
		{ED40B068-76B5-4052-A470-B1588D7246A8}.Release|Any CPU.ActiveCfg = Release|Any CPU
		{ED40B068-76B5-4052-A470-B1588D7246A8}.Release|Any CPU.Build.0 = Release|Any CPU
		{ED40B068-76B5-4052-A470-B1588D7246A8}.Release|Mixed Platforms.ActiveCfg = Release|Any CPU
		{ED40B068-76B5-4052-A470-B1588D7246A8}.Release|Mixed Platforms.Build.0 = Release|Any CPU
		{ED40B068-76B5-4052-A470-B1588D7246A8}.Release|x86.ActiveCfg = Release|Any CPU
	EndGlobalSection
	GlobalSection(SolutionProperties) = preSolution
		HideSolutionNode = FALSE
	EndGlobalSection
EndGlobal
